// !$*UTF8*$!
{
	archiveVersion = 1;
	classes = {
	};
	objectVersion = 46;
	objects = {

/* Begin PBXBuildFile section */
		856C174C1C2E1E8E00CB6CF2 /* main.m in Sources */ = {isa = PBXBuildFile; fileRef = 856C174B1C2E1E8E00CB6CF2 /* main.m */; };
		856C174F1C2E1E8E00CB6CF2 /* AppDelegate.m in Sources */ = {isa = PBXBuildFile; fileRef = 856C174E1C2E1E8E00CB6CF2 /* AppDelegate.m */; };
		856C17571C2E1E8F00CB6CF2 /* Assets.xcassets in Resources */ = {isa = PBXBuildFile; fileRef = 856C17561C2E1E8F00CB6CF2 /* Assets.xcassets */; };
		856C175A1C2E1E8F00CB6CF2 /* LaunchScreen.storyboard in Resources */ = {isa = PBXBuildFile; fileRef = 856C17581C2E1E8F00CB6CF2 /* LaunchScreen.storyboard */; };
		856C17641C2E1EC700CB6CF2 /* SWRevealViewController.m in Sources */ = {isa = PBXBuildFile; fileRef = 856C17631C2E1EC700CB6CF2 /* SWRevealViewController.m */; };
		856C17681C2E1F5D00CB6CF2 /* LeftMenuTableViewController.m in Sources */ = {isa = PBXBuildFile; fileRef = 856C17661C2E1F5D00CB6CF2 /* LeftMenuTableViewController.m */; };
		856C17691C2E1F5D00CB6CF2 /* LeftMenuTableViewController.xib in Resources */ = {isa = PBXBuildFile; fileRef = 856C17671C2E1F5D00CB6CF2 /* LeftMenuTableViewController.xib */; };
		856C176D1C2E206E00CB6CF2 /* ContentViewController.m in Sources */ = {isa = PBXBuildFile; fileRef = 856C176B1C2E206E00CB6CF2 /* ContentViewController.m */; };
		856C176E1C2E206E00CB6CF2 /* ContentViewController.xib in Resources */ = {isa = PBXBuildFile; fileRef = 856C176C1C2E206E00CB6CF2 /* ContentViewController.xib */; };
/* End PBXBuildFile section */

/* Begin PBXFileReference section */
		856C17471C2E1E8E00CB6CF2 /* Test侧滑屏.app */ = {isa = PBXFileReference; explicitFileType = wrapper.application; includeInIndex = 0; path = "Test侧滑屏.app"; sourceTree = BUILT_PRODUCTS_DIR; };
		856C174B1C2E1E8E00CB6CF2 /* main.m */ = {isa = PBXFileReference; lastKnownFileType = sourcecode.c.objc; path = main.m; sourceTree = "<group>"; };
		856C174D1C2E1E8E00CB6CF2 /* AppDelegate.h */ = {isa = PBXFileReference; lastKnownFileType = sourcecode.c.h; path = AppDelegate.h; sourceTree = "<group>"; };
		856C174E1C2E1E8E00CB6CF2 /* AppDelegate.m */ = {isa = PBXFileReference; lastKnownFileType = sourcecode.c.objc; path = AppDelegate.m; sourceTree = "<group>"; };
		856C17561C2E1E8F00CB6CF2 /* Assets.xcassets */ = {isa = PBXFileReference; lastKnownFileType = folder.assetcatalog; path = Assets.xcassets; sourceTree = "<group>"; };
		856C17591C2E1E8F00CB6CF2 /* Base */ = {isa = PBXFileReference; lastKnownFileType = file.storyboard; name = Base; path = Base.lproj/LaunchScreen.storyboard; sourceTree = "<group>"; };
		856C175B1C2E1E8F00CB6CF2 /* Info.plist */ = {isa = PBXFileReference; lastKnownFileType = text.plist.xml; path = Info.plist; sourceTree = "<group>"; };
		856C17621C2E1EC700CB6CF2 /* SWRevealViewController.h */ = {isa = PBXFileReference; fileEncoding = 4; lastKnownFileType = sourcecode.c.h; path = SWRevealViewController.h; sourceTree = "<group>"; };
		856C17631C2E1EC700CB6CF2 /* SWRevealViewController.m */ = {isa = PBXFileReference; fileEncoding = 4; lastKnownFileType = sourcecode.c.objc; path = SWRevealViewController.m; sourceTree = "<group>"; };
		856C17651C2E1F5D00CB6CF2 /* LeftMenuTableViewController.h */ = {isa = PBXFileReference; fileEncoding = 4; lastKnownFileType = sourcecode.c.h; path = LeftMenuTableViewController.h; sourceTree = "<group>"; };
		856C17661C2E1F5D00CB6CF2 /* LeftMenuTableViewController.m */ = {isa = PBXFileReference; fileEncoding = 4; lastKnownFileType = sourcecode.c.objc; path = LeftMenuTableViewController.m; sourceTree = "<group>"; };
		856C17671C2E1F5D00CB6CF2 /* LeftMenuTableViewController.xib */ = {isa = PBXFileReference; fileEncoding = 4; lastKnownFileType = file.xib; path = LeftMenuTableViewController.xib; sourceTree = "<group>"; };
		856C176A1C2E206E00CB6CF2 /* ContentViewController.h */ = {isa = PBXFileReference; fileEncoding = 4; lastKnownFileType = sourcecode.c.h; path = ContentViewController.h; sourceTree = "<group>"; };
		856C176B1C2E206E00CB6CF2 /* ContentViewController.m */ = {isa = PBXFileReference; fileEncoding = 4; lastKnownFileType = sourcecode.c.objc; path = ContentViewController.m; sourceTree = "<group>"; };
		856C176C1C2E206E00CB6CF2 /* ContentViewController.xib */ = {isa = PBXFileReference; fileEncoding = 4; lastKnownFileType = file.xib; path = ContentViewController.xib; sourceTree = "<group>"; };
/* End PBXFileReference section */

/* Begin PBXFrameworksBuildPhase section */
		856C17441C2E1E8E00CB6CF2 /* Frameworks */ = {
			isa = PBXFrameworksBuildPhase;
			buildActionMask = 2147483647;
			files = (
			);
			runOnlyForDeploymentPostprocessing = 0;
		};
/* End PBXFrameworksBuildPhase section */

/* Begin PBXGroup section */
		856C173E1C2E1E8E00CB6CF2 = {
			isa = PBXGroup;
			children = (
				856C17491C2E1E8E00CB6CF2 /* Test侧滑屏 */,
				856C17481C2E1E8E00CB6CF2 /* Products */,
			);
			sourceTree = "<group>";
		};
		856C17481C2E1E8E00CB6CF2 /* Products */ = {
			isa = PBXGroup;
			children = (
				856C17471C2E1E8E00CB6CF2 /* Test侧滑屏.app */,
			);
			name = Products;
			sourceTree = "<group>";
		};
		856C17491C2E1E8E00CB6CF2 /* Test侧滑屏 */ = {
			isa = PBXGroup;
			children = (
				856C17611C2E1EC700CB6CF2 /* SWRevealViewController */,
				856C174D1C2E1E8E00CB6CF2 /* AppDelegate.h */,
				856C174E1C2E1E8E00CB6CF2 /* AppDelegate.m */,
				856C17651C2E1F5D00CB6CF2 /* LeftMenuTableViewController.h */,
				856C17661C2E1F5D00CB6CF2 /* LeftMenuTableViewController.m */,
				856C17671C2E1F5D00CB6CF2 /* LeftMenuTableViewController.xib */,
				856C176A1C2E206E00CB6CF2 /* ContentViewController.h */,
				856C176B1C2E206E00CB6CF2 /* ContentViewController.m */,
				856C176C1C2E206E00CB6CF2 /* ContentViewController.xib */,
				856C17561C2E1E8F00CB6CF2 /* Assets.xcassets */,
				856C17581C2E1E8F00CB6CF2 /* LaunchScreen.storyboard */,
				856C175B1C2E1E8F00CB6CF2 /* Info.plist */,
				856C174A1C2E1E8E00CB6CF2 /* Supporting Files */,
			);
			path = "Test侧滑屏";
			sourceTree = "<group>";
		};
		856C174A1C2E1E8E00CB6CF2 /* Supporting Files */ = {
			isa = PBXGroup;
			children = (
				856C174B1C2E1E8E00CB6CF2 /* main.m */,
			);
			name = "Supporting Files";
			sourceTree = "<group>";
		};
		856C17611C2E1EC700CB6CF2 /* SWRevealViewController */ = {
			isa = PBXGroup;
			children = (
				856C17621C2E1EC700CB6CF2 /* SWRevealViewController.h */,
				856C17631C2E1EC700CB6CF2 /* SWRevealViewController.m */,
			);
			path = SWRevealViewController;
			sourceTree = "<group>";
		};
/* End PBXGroup section */

/* Begin PBXNativeTarget section */
		856C17461C2E1E8E00CB6CF2 /* Test侧滑屏 */ = {
			isa = PBXNativeTarget;
			buildConfigurationList = 856C175E1C2E1E8F00CB6CF2 /* Build configuration list for PBXNativeTarget "Test侧滑屏" */;
			buildPhases = (
				856C17431C2E1E8E00CB6CF2 /* Sources */,
				856C17441C2E1E8E00CB6CF2 /* Frameworks */,
				856C17451C2E1E8E00CB6CF2 /* Resources */,
			);
			buildRules = (
			);
			dependencies = (
			);
			name = "Test侧滑屏";
			productName = "Test侧滑屏";
			productReference = 856C17471C2E1E8E00CB6CF2 /* Test侧滑屏.app */;
			productType = "com.apple.product-type.application";
		};
/* End PBXNativeTarget section */

/* Begin PBXProject section */
		856C173F1C2E1E8E00CB6CF2 /* Project object */ = {
			isa = PBXProject;
			attributes = {
				LastUpgradeCheck = 0710;
				ORGANIZATIONNAME = tarena;
				TargetAttributes = {
					856C17461C2E1E8E00CB6CF2 = {
						CreatedOnToolsVersion = 7.1;
					};
				};
			};
			buildConfigurationList = 856C17421C2E1E8E00CB6CF2 /* Build configuration list for PBXProject "Test侧滑屏" */;
			compatibilityVersion = "Xcode 3.2";
			developmentRegion = English;
			hasScannedForEncodings = 0;
			knownRegions = (
				en,
				Base,
			);
			mainGroup = 856C173E1C2E1E8E00CB6CF2;
			productRefGroup = 856C17481C2E1E8E00CB6CF2 /* Products */;
			projectDirPath = "";
			projectRoot = "";
			targets = (
				856C17461C2E1E8E00CB6CF2 /* Test侧滑屏 */,
			);
		};
/* End PBXProject section */

/* Begin PBXResourcesBuildPhase section */
		856C17451C2E1E8E00CB6CF2 /* Resources */ = {
			isa = PBXResourcesBuildPhase;
			buildActionMask = 2147483647;
			files = (
				856C176E1C2E206E00CB6CF2 /* ContentViewController.xib in Resources */,
				856C175A1C2E1E8F00CB6CF2 /* LaunchScreen.storyboard in Resources */,
				856C17691C2E1F5D00CB6CF2 /* LeftMenuTableViewController.xib in Resources */,
				856C17571C2E1E8F00CB6CF2 /* Assets.xcassets in Resources */,
			);
			runOnlyForDeploymentPostprocessing = 0;
		};
/* End PBXResourcesBuildPhase section */

/* Begin PBXSourcesBuildPhase section */
		856C17431C2E1E8E00CB6CF2 /* Sources */ = {
			isa = PBXSourcesBuildPhase;
			buildActionMask = 2147483647;
			files = (
				856C174F1C2E1E8E00CB6CF2 /* AppDelegate.m in Sources */,
				856C176D1C2E206E00CB6CF2 /* ContentViewController.m in Sources */,
				856C174C1C2E1E8E00CB6CF2 /* main.m in Sources */,
				856C17641C2E1EC700CB6CF2 /* SWRevealViewController.m in Sources */,
				856C17681C2E1F5D00CB6CF2 /* LeftMenuTableViewController.m in Sources */,
			);
			runOnlyForDeploymentPostprocessing = 0;
		};
/* End PBXSourcesBuildPhase section */

/* Begin PBXVariantGroup section */
		856C17581C2E1E8F00CB6CF2 /* LaunchScreen.storyboard */ = {
			isa = PBXVariantGroup;
			children = (
				856C17591C2E1E8F00CB6CF2 /* Base */,
			);
			name = LaunchScreen.storyboard;
			sourceTree = "<group>";
		};
/* End PBXVariantGroup section */

/* Begin XCBuildConfiguration section */
		856C175C1C2E1E8F00CB6CF2 /* Debug */ = {
			isa = XCBuildConfiguration;
			buildSettings = {
				ALWAYS_SEARCH_USER_PATHS = NO;
				CLANG_CXX_LANGUAGE_STANDARD = "gnu++0x";
				CLANG_CXX_LIBRARY = "libc++";
				CLANG_ENABLE_MODULES = YES;
				CLANG_ENABLE_OBJC_ARC = YES;
				CLANG_WARN_BOOL_CONVERSION = YES;
				CLANG_WARN_CONSTANT_CONVERSION = YES;
				CLANG_WARN_DIRECT_OBJC_ISA_USAGE = YES_ERROR;
				CLANG_WARN_EMPTY_BODY = YES;
				CLANG_WARN_ENUM_CONVERSION = YES;
				CLANG_WARN_INT_CONVERSION = YES;
				CLANG_WARN_OBJC_ROOT_CLASS = YES_ERROR;
				CLANG_WARN_UNREACHABLE_CODE = YES;
				CLANG_WARN__DUPLICATE_METHOD_MATCH = YES;
				"CODE_SIGN_IDENTITY[sdk=iphoneos*]" = "iPhone Developer";
				COPY_PHASE_STRIP = NO;
				DEBUG_INFORMATION_FORMAT = dwarf;
				ENABLE_STRICT_OBJC_MSGSEND = YES;
				ENABLE_TESTABILITY = YES;
				GCC_C_LANGUAGE_STANDARD = gnu99;
				GCC_DYNAMIC_NO_PIC = NO;
				GCC_NO_COMMON_BLOCKS = YES;
				GCC_OPTIMIZATION_LEVEL = 0;
				GCC_PREPROCESSOR_DEFINITIONS = (
					"DEBUG=1",
					"$(inherited)",
				);
				GCC_WARN_64_TO_32_BIT_CONVERSION = YES;
				GCC_WARN_ABOUT_RETURN_TYPE = YES_ERROR;
				GCC_WARN_UNDECLARED_SELECTOR = YES;
				GCC_WARN_UNINITIALIZED_AUTOS = YES_AGGRESSIVE;
				GCC_WARN_UNUSED_FUNCTION = YES;
				GCC_WARN_UNUSED_VARIABLE = YES;
				IPHONEOS_DEPLOYMENT_TARGET = 9.1;
				MTL_ENABLE_DEBUG_INFO = YES;
				ONLY_ACTIVE_ARCH = YES;
				SDKROOT = iphoneos;
			};
			name = Debug;
		};
		856C175D1C2E1E8F00CB6CF2 /* Release */ = {
			isa = XCBuildConfiguration;
			buildSettings = {
				ALWAYS_SEARCH_USER_PATHS = NO;
				CLANG_CXX_LANGUAGE_STANDARD = "gnu++0x";
				CLANG_CXX_LIBRARY = "libc++";
				CLANG_ENABLE_MODULES = YES;
				CLANG_ENABLE_OBJC_ARC = YES;
				CLANG_WARN_BOOL_CONVERSION = YES;
				CLANG_WARN_CONSTANT_CONVERSION = YES;
				CLANG_WARN_DIRECT_OBJC_ISA_USAGE = YES_ERROR;
				CLANG_WARN_EMPTY_BODY = YES;
				CLANG_WARN_ENUM_CONVERSION = YES;
				CLANG_WARN_INT_CONVERSION = YES;
				CLANG_WARN_OBJC_ROOT_CLASS = YES_ERROR;
				CLANG_WARN_UNREACHABLE_CODE = YES;
				CLANG_WARN__DUPLICATE_METHOD_MATCH = YES;
				"CODE_SIGN_IDENTITY[sdk=iphoneos*]" = "iPhone Developer";
				COPY_PHASE_STRIP = NO;
				DEBUG_INFORMATION_FORMAT = "dwarf-with-dsym";
				ENABLE_NS_ASSERTIONS = NO;
				ENABLE_STRICT_OBJC_MSGSEND = YES;
				GCC_C_LANGUAGE_STANDARD = gnu99;
				GCC_NO_COMMON_BLOCKS = YES;
				GCC_WARN_64_TO_32_BIT_CONVERSION = YES;
				GCC_WARN_ABOUT_RETURN_TYPE = YES_ERROR;
				GCC_WARN_UNDECLARED_SELECTOR = YES;
				GCC_WARN_UNINITIALIZED_AUTOS = YES_AGGRESSIVE;
				GCC_WARN_UNUSED_FUNCTION = YES;
				GCC_WARN_UNUSED_VARIABLE = YES;
				IPHONEOS_DEPLOYMENT_TARGET = 9.1;
				MTL_ENABLE_DEBUG_INFO = NO;
				SDKROOT = iphoneos;
				VALIDATE_PRODUCT = YES;
			};
			name = Release;
		};
		856C175F1C2E1E8F00CB6CF2 /* Debug */ = {
			isa = XCBuildConfiguration;
			buildSettings = {
				ASSETCATALOG_COMPILER_APPICON_NAME = AppIcon;
				INFOPLIST_FILE = "Test侧滑屏/Info.plist";
				LD_RUNPATH_SEARCH_PATHS = "$(inherited) @executable_path/Frameworks";
				PRODUCT_BUNDLE_IDENTIFIER = "com.tarena.Test---";
				PRODUCT_NAME = "$(TARGET_NAME)";
			};
			name = Debug;
		};
		856C17601C2E1E8F00CB6CF2 /* Release */ = {
			isa = XCBuildConfiguration;
			buildSettings = {
				ASSETCATALOG_COMPILER_APPICON_NAME = AppIcon;
				INFOPLIST_FILE = "Test侧滑屏/Info.plist";
				LD_RUNPATH_SEARCH_PATHS = "$(inherited) @executable_path/Frameworks";
				PRODUCT_BUNDLE_IDENTIFIER = "com.tarena.Test---";
				PRODUCT_NAME = "$(TARGET_NAME)";
			};
			name = Release;
		};
/* End XCBuildConfiguration section */

/* Begin XCConfigurationList section */
		856C17421C2E1E8E00CB6CF2 /* Build configuration list for PBXProject "Test侧滑屏" */ = {
			isa = XCConfigurationList;
			buildConfigurations = (
				856C175C1C2E1E8F00CB6CF2 /* Debug */,
				856C175D1C2E1E8F00CB6CF2 /* Release */,
			);
			defaultConfigurationIsVisible = 0;
			defaultConfigurationName = Release;
		};
		856C175E1C2E1E8F00CB6CF2 /* Build configuration list for PBXNativeTarget "Test侧滑屏" */ = {
			isa = XCConfigurationList;
			buildConfigurations = (
				856C175F1C2E1E8F00CB6CF2 /* Debug */,
				856C17601C2E1E8F00CB6CF2 /* Release */,
			);
			defaultConfigurationIsVisible = 0;
		};
/* End XCConfigurationList section */
	};
	rootObject = 856C173F1C2E1E8E00CB6CF2 /* Project object */;
}
